
Microsoft Visual Studio Solution File, Format Version 12.00
# Visual Studio Version 17
VisualStudioVersion = 17.5.002.0
MinimumVisualStudioVersion = 10.0.40219.1
Project("{9A19103F-16F7-4668-BE54-9A1E7A4F7556}") = "API", "API.csproj", "{B66B455C-0686-4EC8-B8C0-E37035071641}"
EndProject
Global
	GlobalSection(SolutionConfigurationPlatforms) = preSolution
		Debug|Any CPU = Debug|Any CPU
		Release|Any CPU = Release|Any CPU
	EndGlobalSection
	GlobalSection(ProjectConfigurationPlatforms) = postSolution
		{B66B455C-0686-4EC8-B8C0-E37035071641}.Debug|Any CPU.ActiveCfg = Debug|Any CPU
		{B66B455C-0686-4EC8-B8C0-E37035071641}.Debug|Any CPU.Build.0 = Debug|Any CPU
		{B66B455C-0686-4EC8-B8C0-E37035071641}.Release|Any CPU.ActiveCfg = Release|Any CPU
		{B66B455C-0686-4EC8-B8C0-E37035071641}.Release|Any CPU.Build.0 = Release|Any CPU
	EndGlobalSection
	GlobalSection(SolutionProperties) = preSolution
		HideSolutionNode = FALSE
	EndGlobalSection
	GlobalSection(ExtensibilityGlobals) = postSolution
		SolutionGuid = {15D54327-D6CE-4C86-8C8D-93F88DECC0BA}
	EndGlobalSection
EndGlobal
